
Microsoft Visual Studio Solution File, Format Version 12.00
# Visual Studio 2013
VisualStudioVersion = 12.0.30501.0
MinimumVisualStudioVersion = 10.0.40219.1
Project("{2150E333-8FDC-42A3-9474-1A3956D46DE8}") = "Applications", "Applications", "{D8BEA8E6-3C73-4306-A8A1-017720F1D70A}"
EndProject
Project("{2150E333-8FDC-42A3-9474-1A3956D46DE8}") = "Library", "Library", "{E2E2CD89-68C7-47BE-A945-3BEAD70741E1}"
EndProject
Project("{FAE04EC0-301F-11D3-BF4B-00C04F79EFBC}") = "Console", "Applications\Console\Console.csproj", "{998A4D40-B4F7-440E-B60E-784D976D0F0F}"
EndProject
Project("{FAE04EC0-301F-11D3-BF4B-00C04F79EFBC}") = "SAD.Core", "Library\SAD.Core\SAD.Core.csproj", "{F4B6AE36-E99C-4D86-A020-58F2C940E6B1}"
EndProject
Project("{F088123C-0E9E-452A-89E6-6BA2F21D5CAC}") = "SADCommandLineUML", "SADCommandLineUML\SADCommandLineUML.modelproj", "{9DC14723-E86B-4405-A7CF-00317F0B3B63}"
EndProject
Project("{FAE04EC0-301F-11D3-BF4B-00C04F79EFBC}") = "GUI", "GUI\GUI.csproj", "{018FF906-3E1D-405B-B99E-08AD83F7DAC5}"
EndProject
Project("{F088123C-0E9E-452A-89E6-6BA2F21D5CAC}") = "GUIModeling", "GUIModeling\GUIModeling.modelproj", "{5D270639-CE13-4AF2-994B-8422CB47A153}"
EndProject
Global
	GlobalSection(SolutionConfigurationPlatforms) = preSolution
		Debug|Any CPU = Debug|Any CPU
		Debug|x86 = Debug|x86
		Release|Any CPU = Release|Any CPU
		Release|x86 = Release|x86
	EndGlobalSection
	GlobalSection(ProjectConfigurationPlatforms) = postSolution
		{998A4D40-B4F7-440E-B60E-784D976D0F0F}.Debug|Any CPU.ActiveCfg = Debug|Any CPU
		{998A4D40-B4F7-440E-B60E-784D976D0F0F}.Debug|Any CPU.Build.0 = Debug|Any CPU
		{998A4D40-B4F7-440E-B60E-784D976D0F0F}.Debug|x86.ActiveCfg = Debug|x86
		{998A4D40-B4F7-440E-B60E-784D976D0F0F}.Debug|x86.Build.0 = Debug|x86
		{998A4D40-B4F7-440E-B60E-784D976D0F0F}.Release|Any CPU.ActiveCfg = Release|Any CPU
		{998A4D40-B4F7-440E-B60E-784D976D0F0F}.Release|Any CPU.Build.0 = Release|Any CPU
		{998A4D40-B4F7-440E-B60E-784D976D0F0F}.Release|x86.ActiveCfg = Release|x86
		{998A4D40-B4F7-440E-B60E-784D976D0F0F}.Release|x86.Build.0 = Release|x86
		{F4B6AE36-E99C-4D86-A020-58F2C940E6B1}.Debug|Any CPU.ActiveCfg = Debug|Any CPU
		{F4B6AE36-E99C-4D86-A020-58F2C940E6B1}.Debug|Any CPU.Build.0 = Debug|Any CPU
		{F4B6AE36-E99C-4D86-A020-58F2C940E6B1}.Debug|x86.ActiveCfg = Debug|x86
		{F4B6AE36-E99C-4D86-A020-58F2C940E6B1}.Debug|x86.Build.0 = Debug|x86
		{F4B6AE36-E99C-4D86-A020-58F2C940E6B1}.Release|Any CPU.ActiveCfg = Release|Any CPU
		{F4B6AE36-E99C-4D86-A020-58F2C940E6B1}.Release|Any CPU.Build.0 = Release|Any CPU
		{F4B6AE36-E99C-4D86-A020-58F2C940E6B1}.Release|x86.ActiveCfg = Release|x86
		{F4B6AE36-E99C-4D86-A020-58F2C940E6B1}.Release|x86.Build.0 = Release|x86
		{9DC14723-E86B-4405-A7CF-00317F0B3B63}.Debug|Any CPU.ActiveCfg = Debug|Any CPU
		{9DC14723-E86B-4405-A7CF-00317F0B3B63}.Debug|Any CPU.Build.0 = Debug|Any CPU
		{9DC14723-E86B-4405-A7CF-00317F0B3B63}.Debug|x86.ActiveCfg = Debug|Any CPU
		{9DC14723-E86B-4405-A7CF-00317F0B3B63}.Release|Any CPU.ActiveCfg = Release|Any CPU
		{9DC14723-E86B-4405-A7CF-00317F0B3B63}.Release|Any CPU.Build.0 = Release|Any CPU
		{9DC14723-E86B-4405-A7CF-00317F0B3B63}.Release|x86.ActiveCfg = Release|Any CPU
		{018FF906-3E1D-405B-B99E-08AD83F7DAC5}.Debug|Any CPU.ActiveCfg = Debug|Any CPU
		{018FF906-3E1D-405B-B99E-08AD83F7DAC5}.Debug|Any CPU.Build.0 = Debug|Any CPU
		{018FF906-3E1D-405B-B99E-08AD83F7DAC5}.Debug|x86.ActiveCfg = Debug|x86
		{018FF906-3E1D-405B-B99E-08AD83F7DAC5}.Debug|x86.Build.0 = Debug|x86
		{018FF906-3E1D-405B-B99E-08AD83F7DAC5}.Release|Any CPU.ActiveCfg = Release|Any CPU
		{018FF906-3E1D-405B-B99E-08AD83F7DAC5}.Release|Any CPU.Build.0 = Release|Any CPU
		{018FF906-3E1D-405B-B99E-08AD83F7DAC5}.Release|x86.ActiveCfg = Release|x86
		{018FF906-3E1D-405B-B99E-08AD83F7DAC5}.Release|x86.Build.0 = Release|x86
		{5D270639-CE13-4AF2-994B-8422CB47A153}.Debug|Any CPU.ActiveCfg = Debug|Any CPU
		{5D270639-CE13-4AF2-994B-8422CB47A153}.Debug|Any CPU.Build.0 = Debug|Any CPU
		{5D270639-CE13-4AF2-994B-8422CB47A153}.Debug|x86.ActiveCfg = Debug|Any CPU
		{5D270639-CE13-4AF2-994B-8422CB47A153}.Release|Any CPU.ActiveCfg = Release|Any CPU
		{5D270639-CE13-4AF2-994B-8422CB47A153}.Release|Any CPU.Build.0 = Release|Any CPU
		{5D270639-CE13-4AF2-994B-8422CB47A153}.Release|x86.ActiveCfg = Release|Any CPU
	EndGlobalSection
	GlobalSection(SolutionProperties) = preSolution
		HideSolutionNode = FALSE
	EndGlobalSection
	GlobalSection(NestedProjects) = preSolution
		{998A4D40-B4F7-440E-B60E-784D976D0F0F} = {D8BEA8E6-3C73-4306-A8A1-017720F1D70A}
		{F4B6AE36-E99C-4D86-A020-58F2C940E6B1} = {E2E2CD89-68C7-47BE-A945-3BEAD70741E1}
		{018FF906-3E1D-405B-B99E-08AD83F7DAC5} = {D8BEA8E6-3C73-4306-A8A1-017720F1D70A}
	EndGlobalSection
EndGlobal
