
Microsoft Visual Studio Solution File, Format Version 12.00
# Visual Studio 2013
VisualStudioVersion = 12.0.30501.0
MinimumVisualStudioVersion = 10.0.40219.1
Project("{FAE04EC0-301F-11D3-BF4B-00C04F79EFBC}") = "ConsoleApplication2", "ConsoleApplication2\ConsoleApplication2.csproj", "{EECB3334-B99B-4927-855F-96251806B91E}"
EndProject
Global
	GlobalSection(SolutionConfigurationPlatforms) = preSolution
		Debug|Any CPU = Debug|Any CPU
		Release|Any CPU = Release|Any CPU
	EndGlobalSection
	GlobalSection(ProjectConfigurationPlatforms) = postSolution
		{EECB3334-B99B-4927-855F-96251806B91E}.Debug|Any CPU.ActiveCfg = Debug|Any CPU
		{EECB3334-B99B-4927-855F-96251806B91E}.Debug|Any CPU.Build.0 = Debug|Any CPU
		{EECB3334-B99B-4927-855F-96251806B91E}.Release|Any CPU.ActiveCfg = Release|Any CPU
		{EECB3334-B99B-4927-855F-96251806B91E}.Release|Any CPU.Build.0 = Release|Any CPU
	EndGlobalSection
	GlobalSection(SolutionProperties) = preSolution
		HideSolutionNode = FALSE
	EndGlobalSection
EndGlobal
